
Microsoft Visual Studio Solution File, Format Version 12.00
# Visual Studio 14
VisualStudioVersion = 14.0.25420.1
MinimumVisualStudioVersion = 10.0.40219.1
Project("{8BB2217D-0F2D-49D1-97BC-3654ED321F3B}") = "DAL.MySql", "src\DAL.MySql\DAL.MySql.xproj", "{436DDC05-6EB9-4886-ACE5-2927B97E3D96}"
EndProject
Project("{8BB2217D-0F2D-49D1-97BC-3654ED321F3B}") = "Galaxies.Logic", "src\Galaxies.Logic\Galaxies.Logic.xproj", "{F1E93B00-045A-4260-ADD1-6D0BAF23558A}"
EndProject
Project("{8BB2217D-0F2D-49D1-97BC-3654ED321F3B}") = "Galaxies.Model", "src\Galaxies.Model\Galaxies.Model.xproj", "{D95EE768-8A21-4133-857B-0FEEB0E492A6}"
EndProject
Project("{8BB2217D-0F2D-49D1-97BC-3654ED321F3B}") = "IDAL", "src\IDAL\IDAL.xproj", "{591749AB-C947-4CA4-80EC-2D89B1941575}"
EndProject
Project("{8BB2217D-0F2D-49D1-97BC-3654ED321F3B}") = "Model", "src\Model\Model.xproj", "{0A6F691F-EB18-4D7C-AB72-EB9694CA15CF}"
EndProject
Project("{8BB2217D-0F2D-49D1-97BC-3654ED321F3B}") = "Lamp", "src\Lamp\Lamp.xproj", "{C3BDBFAD-2AFC-4BBB-95D0-ED20E6CCAD96}"
EndProject
Project("{8BB2217D-0F2D-49D1-97BC-3654ED321F3B}") = "Galaxies.Core", "src\Galaxies.Core\Galaxies.Core.xproj", "{71B91698-D72C-47C0-827F-C0C0DBC3CACF}"
EndProject
Project("{8BB2217D-0F2D-49D1-97BC-3654ED321F3B}") = "Lamp.BIZ", "src\Lamp.BIZ\Lamp.BIZ.xproj", "{4252C15F-53BB-476B-B839-05E025745F61}"
EndProject
Project("{2150E333-8FDC-42A3-9474-1A3956D46DE8}") = "0Galaxies", "0Galaxies", "{5F952AE8-5DFA-40B7-888B-B1CD1C9B488D}"
EndProject
Project("{2150E333-8FDC-42A3-9474-1A3956D46DE8}") = "1Lamp", "1Lamp", "{A0E69AF8-CFC0-41AC-8011-F0463CBBF595}"
EndProject
Global
	GlobalSection(SolutionConfigurationPlatforms) = preSolution
		Debug|Any CPU = Debug|Any CPU
		Release|Any CPU = Release|Any CPU
	EndGlobalSection
	GlobalSection(ProjectConfigurationPlatforms) = postSolution
		{436DDC05-6EB9-4886-ACE5-2927B97E3D96}.Debug|Any CPU.ActiveCfg = Debug|Any CPU
		{436DDC05-6EB9-4886-ACE5-2927B97E3D96}.Debug|Any CPU.Build.0 = Debug|Any CPU
		{436DDC05-6EB9-4886-ACE5-2927B97E3D96}.Release|Any CPU.ActiveCfg = Release|Any CPU
		{436DDC05-6EB9-4886-ACE5-2927B97E3D96}.Release|Any CPU.Build.0 = Release|Any CPU
		{F1E93B00-045A-4260-ADD1-6D0BAF23558A}.Debug|Any CPU.ActiveCfg = Debug|Any CPU
		{F1E93B00-045A-4260-ADD1-6D0BAF23558A}.Debug|Any CPU.Build.0 = Debug|Any CPU
		{F1E93B00-045A-4260-ADD1-6D0BAF23558A}.Release|Any CPU.ActiveCfg = Release|Any CPU
		{F1E93B00-045A-4260-ADD1-6D0BAF23558A}.Release|Any CPU.Build.0 = Release|Any CPU
		{D95EE768-8A21-4133-857B-0FEEB0E492A6}.Debug|Any CPU.ActiveCfg = Debug|Any CPU
		{D95EE768-8A21-4133-857B-0FEEB0E492A6}.Debug|Any CPU.Build.0 = Debug|Any CPU
		{D95EE768-8A21-4133-857B-0FEEB0E492A6}.Release|Any CPU.ActiveCfg = Release|Any CPU
		{D95EE768-8A21-4133-857B-0FEEB0E492A6}.Release|Any CPU.Build.0 = Release|Any CPU
		{591749AB-C947-4CA4-80EC-2D89B1941575}.Debug|Any CPU.ActiveCfg = Debug|Any CPU
		{591749AB-C947-4CA4-80EC-2D89B1941575}.Debug|Any CPU.Build.0 = Debug|Any CPU
		{591749AB-C947-4CA4-80EC-2D89B1941575}.Release|Any CPU.ActiveCfg = Release|Any CPU
		{591749AB-C947-4CA4-80EC-2D89B1941575}.Release|Any CPU.Build.0 = Release|Any CPU
		{0A6F691F-EB18-4D7C-AB72-EB9694CA15CF}.Debug|Any CPU.ActiveCfg = Debug|Any CPU
		{0A6F691F-EB18-4D7C-AB72-EB9694CA15CF}.Debug|Any CPU.Build.0 = Debug|Any CPU
		{0A6F691F-EB18-4D7C-AB72-EB9694CA15CF}.Release|Any CPU.ActiveCfg = Release|Any CPU
		{0A6F691F-EB18-4D7C-AB72-EB9694CA15CF}.Release|Any CPU.Build.0 = Release|Any CPU
		{C3BDBFAD-2AFC-4BBB-95D0-ED20E6CCAD96}.Debug|Any CPU.ActiveCfg = Debug|Any CPU
		{C3BDBFAD-2AFC-4BBB-95D0-ED20E6CCAD96}.Debug|Any CPU.Build.0 = Debug|Any CPU
		{C3BDBFAD-2AFC-4BBB-95D0-ED20E6CCAD96}.Release|Any CPU.ActiveCfg = Release|Any CPU
		{C3BDBFAD-2AFC-4BBB-95D0-ED20E6CCAD96}.Release|Any CPU.Build.0 = Release|Any CPU
		{71B91698-D72C-47C0-827F-C0C0DBC3CACF}.Debug|Any CPU.ActiveCfg = Debug|Any CPU
		{71B91698-D72C-47C0-827F-C0C0DBC3CACF}.Debug|Any CPU.Build.0 = Debug|Any CPU
		{71B91698-D72C-47C0-827F-C0C0DBC3CACF}.Release|Any CPU.ActiveCfg = Release|Any CPU
		{71B91698-D72C-47C0-827F-C0C0DBC3CACF}.Release|Any CPU.Build.0 = Release|Any CPU
		{4252C15F-53BB-476B-B839-05E025745F61}.Debug|Any CPU.ActiveCfg = Debug|Any CPU
		{4252C15F-53BB-476B-B839-05E025745F61}.Debug|Any CPU.Build.0 = Debug|Any CPU
		{4252C15F-53BB-476B-B839-05E025745F61}.Release|Any CPU.ActiveCfg = Release|Any CPU
		{4252C15F-53BB-476B-B839-05E025745F61}.Release|Any CPU.Build.0 = Release|Any CPU
	EndGlobalSection
	GlobalSection(SolutionProperties) = preSolution
		HideSolutionNode = FALSE
	EndGlobalSection
	GlobalSection(NestedProjects) = preSolution
		{436DDC05-6EB9-4886-ACE5-2927B97E3D96} = {A0E69AF8-CFC0-41AC-8011-F0463CBBF595}
		{F1E93B00-045A-4260-ADD1-6D0BAF23558A} = {5F952AE8-5DFA-40B7-888B-B1CD1C9B488D}
		{D95EE768-8A21-4133-857B-0FEEB0E492A6} = {5F952AE8-5DFA-40B7-888B-B1CD1C9B488D}
		{591749AB-C947-4CA4-80EC-2D89B1941575} = {A0E69AF8-CFC0-41AC-8011-F0463CBBF595}
		{0A6F691F-EB18-4D7C-AB72-EB9694CA15CF} = {A0E69AF8-CFC0-41AC-8011-F0463CBBF595}
		{C3BDBFAD-2AFC-4BBB-95D0-ED20E6CCAD96} = {A0E69AF8-CFC0-41AC-8011-F0463CBBF595}
		{71B91698-D72C-47C0-827F-C0C0DBC3CACF} = {5F952AE8-5DFA-40B7-888B-B1CD1C9B488D}
		{4252C15F-53BB-476B-B839-05E025745F61} = {A0E69AF8-CFC0-41AC-8011-F0463CBBF595}
	EndGlobalSection
EndGlobal
